// !$*UTF8*$!
{
	archiveVersion = 1;
	classes = {
	};
	objectVersion = 46;
	objects = {

/* Begin PBXBuildFile section */
		07C7AC731D15A8E458884687 /* Pods_Example.framework in Frameworks */ = {isa = PBXBuildFile; fileRef = CAD44134AC2BB4C40265990A /* Pods_Example.framework */; };
		15A5E1691DC4B47100A4D8CF /* TypeBinding.swift in Sources */ = {isa = PBXBuildFile; fileRef = 15A5E1681DC4B47100A4D8CF /* TypeBinding.swift */; };
		15A5E16B1DC50DAE00A4D8CF /* TypeBindingSpec.swift in Sources */ = {isa = PBXBuildFile; fileRef = 15A5E16A1DC50DAE00A4D8CF /* TypeBindingSpec.swift */; };
		15A5E16D1DC52A1400A4D8CF /* SwifjectionIntegrationTests.swift in Sources */ = {isa = PBXBuildFile; fileRef = 15A5E16C1DC52A1400A4D8CF /* SwifjectionIntegrationTests.swift */; };
		15DFDEA71DC41D3F00B4687E /* Binding.swift in Sources */ = {isa = PBXBuildFile; fileRef = 15DFDEA21DC41D3F00B4687E /* Binding.swift */; };
		15DFDEA81DC41D3F00B4687E /* Bindings.swift in Sources */ = {isa = PBXBuildFile; fileRef = 15DFDEA31DC41D3F00B4687E /* Bindings.swift */; };
		15DFDEA91DC41D3F00B4687E /* ClosureBinding.swift in Sources */ = {isa = PBXBuildFile; fileRef = 15DFDEA41DC41D3F00B4687E /* ClosureBinding.swift */; };
		15DFDEAA1DC41D3F00B4687E /* ObjectBinding.swift in Sources */ = {isa = PBXBuildFile; fileRef = 15DFDEA51DC41D3F00B4687E /* ObjectBinding.swift */; };
		15DFDEAB1DC41D3F00B4687E /* SingletonBinding.swift in Sources */ = {isa = PBXBuildFile; fileRef = 15DFDEA61DC41D3F00B4687E /* SingletonBinding.swift */; };
		15DFDEAE1DC41D8700B4687E /* ClosureBindingSpec.swift in Sources */ = {isa = PBXBuildFile; fileRef = 15DFDEAC1DC41D8100B4687E /* ClosureBindingSpec.swift */; };
		15DFDEB01DC41EE300B4687E /* FakeInjector.swift in Sources */ = {isa = PBXBuildFile; fileRef = 15DFDEAF1DC41EE300B4687E /* FakeInjector.swift */; };
		15DFDEB21DC4203900B4687E /* ObjectBindingSpec.swift in Sources */ = {isa = PBXBuildFile; fileRef = 15DFDEB11DC4203900B4687E /* ObjectBindingSpec.swift */; };
		15DFDEB41DC4208200B4687E /* SingletonBindingSpec.swift in Sources */ = {isa = PBXBuildFile; fileRef = 15DFDEB31DC4208200B4687E /* SingletonBindingSpec.swift */; };
		15DFDEB61DC422FF00B4687E /* BindingsSpec.swift in Sources */ = {isa = PBXBuildFile; fileRef = 15DFDEB51DC422FF00B4687E /* BindingsSpec.swift */; };
		1A6EC6F8F7569BB7B911E9E1 /* Pods_Swifjection_Tests.framework in Frameworks */ = {isa = PBXBuildFile; fileRef = ACE728CAC97BD5A39E76D531 /* Pods_Swifjection_Tests.framework */; };
		9405E3691DC365D3005327D4 /* Bar.swift in Sources */ = {isa = PBXBuildFile; fileRef = 9405E3651DC365D3005327D4 /* Bar.swift */; };
		9405E36A1DC365D3005327D4 /* Foo.swift in Sources */ = {isa = PBXBuildFile; fileRef = 9405E3661DC365D3005327D4 /* Foo.swift */; };
		9405E36B1DC365D3005327D4 /* ViewController.swift in Sources */ = {isa = PBXBuildFile; fileRef = 9405E3681DC365D3005327D4 /* ViewController.swift */; };
		9405E3801DC36933005327D4 /* MyBindings.swift in Sources */ = {isa = PBXBuildFile; fileRef = 9405E37F1DC36933005327D4 /* MyBindings.swift */; };
		9405E38F1DC36AE5005327D4 /* Injectable.swift in Sources */ = {isa = PBXBuildFile; fileRef = 9405E3861DC36AE5005327D4 /* Injectable.swift */; };
		9405E3901DC36AE5005327D4 /* Injectable.swift in Sources */ = {isa = PBXBuildFile; fileRef = 9405E3861DC36AE5005327D4 /* Injectable.swift */; };
		9405E3911DC36AE5005327D4 /* Injecting+CreatingObjects.swift in Sources */ = {isa = PBXBuildFile; fileRef = 9405E3871DC36AE5005327D4 /* Injecting+CreatingObjects.swift */; };
		9405E3921DC36AE5005327D4 /* Injecting+CreatingObjects.swift in Sources */ = {isa = PBXBuildFile; fileRef = 9405E3871DC36AE5005327D4 /* Injecting+CreatingObjects.swift */; };
		9405E3931DC36AE5005327D4 /* Injecting.swift in Sources */ = {isa = PBXBuildFile; fileRef = 9405E3881DC36AE5005327D4 /* Injecting.swift */; };
		9405E3941DC36AE5005327D4 /* Injecting.swift in Sources */ = {isa = PBXBuildFile; fileRef = 9405E3881DC36AE5005327D4 /* Injecting.swift */; };
		9405E3951DC36AE5005327D4 /* Swifjector.swift in Sources */ = {isa = PBXBuildFile; fileRef = 9405E3891DC36AE5005327D4 /* Swifjector.swift */; };
		9405E3961DC36AE5005327D4 /* Swifjector.swift in Sources */ = {isa = PBXBuildFile; fileRef = 9405E3891DC36AE5005327D4 /* Swifjector.swift */; };
		9405E3971DC36AE5005327D4 /* SwifjectorFactory.swift in Sources */ = {isa = PBXBuildFile; fileRef = 9405E38A1DC36AE5005327D4 /* SwifjectorFactory.swift */; };
		9405E3981DC36AE5005327D4 /* SwifjectorFactory.swift in Sources */ = {isa = PBXBuildFile; fileRef = 9405E38A1DC36AE5005327D4 /* SwifjectorFactory.swift */; };
		9405E39B1DC36BB0005327D4 /* SwifjectorSpec.swift in Sources */ = {isa = PBXBuildFile; fileRef = 9405E3991DC36BA9005327D4 /* SwifjectorSpec.swift */; };
		944F765F1DC35E3E004A2C63 /* AppDelegate.swift in Sources */ = {isa = PBXBuildFile; fileRef = 944F765E1DC35E3E004A2C63 /* AppDelegate.swift */; };
		944F76641DC35E3E004A2C63 /* Main.storyboard in Resources */ = {isa = PBXBuildFile; fileRef = 944F76621DC35E3E004A2C63 /* Main.storyboard */; };
		944F76661DC35E3E004A2C63 /* Assets.xcassets in Resources */ = {isa = PBXBuildFile; fileRef = 944F76651DC35E3E004A2C63 /* Assets.xcassets */; };
		944F76691DC35E3E004A2C63 /* LaunchScreen.storyboard in Resources */ = {isa = PBXBuildFile; fileRef = 944F76671DC35E3E004A2C63 /* LaunchScreen.storyboard */; };
		D8BD010E1DC23E1A00122227 /* ExampleClasses.swift in Sources */ = {isa = PBXBuildFile; fileRef = D8BD010D1DC23E1A00122227 /* ExampleClasses.swift */; };
/* End PBXBuildFile section */

/* Begin PBXFileReference section */
		15A5E1681DC4B47100A4D8CF /* TypeBinding.swift */ = {isa = PBXFileReference; fileEncoding = 4; lastKnownFileType = sourcecode.swift; path = TypeBinding.swift; sourceTree = "<group>"; };
		15A5E16A1DC50DAE00A4D8CF /* TypeBindingSpec.swift */ = {isa = PBXFileReference; fileEncoding = 4; lastKnownFileType = sourcecode.swift; path = TypeBindingSpec.swift; sourceTree = "<group>"; };
		15A5E16C1DC52A1400A4D8CF /* SwifjectionIntegrationTests.swift */ = {isa = PBXFileReference; fileEncoding = 4; lastKnownFileType = sourcecode.swift; path = SwifjectionIntegrationTests.swift; sourceTree = "<group>"; };
		15DFDEA21DC41D3F00B4687E /* Binding.swift */ = {isa = PBXFileReference; fileEncoding = 4; lastKnownFileType = sourcecode.swift; path = Binding.swift; sourceTree = "<group>"; };
		15DFDEA31DC41D3F00B4687E /* Bindings.swift */ = {isa = PBXFileReference; fileEncoding = 4; lastKnownFileType = sourcecode.swift; path = Bindings.swift; sourceTree = "<group>"; };
		15DFDEA41DC41D3F00B4687E /* ClosureBinding.swift */ = {isa = PBXFileReference; fileEncoding = 4; lastKnownFileType = sourcecode.swift; path = ClosureBinding.swift; sourceTree = "<group>"; };
		15DFDEA51DC41D3F00B4687E /* ObjectBinding.swift */ = {isa = PBXFileReference; fileEncoding = 4; lastKnownFileType = sourcecode.swift; path = ObjectBinding.swift; sourceTree = "<group>"; };
		15DFDEA61DC41D3F00B4687E /* SingletonBinding.swift */ = {isa = PBXFileReference; fileEncoding = 4; lastKnownFileType = sourcecode.swift; path = SingletonBinding.swift; sourceTree = "<group>"; };
		15DFDEAC1DC41D8100B4687E /* ClosureBindingSpec.swift */ = {isa = PBXFileReference; fileEncoding = 4; lastKnownFileType = sourcecode.swift; path = ClosureBindingSpec.swift; sourceTree = "<group>"; };
		15DFDEAF1DC41EE300B4687E /* FakeInjector.swift */ = {isa = PBXFileReference; fileEncoding = 4; lastKnownFileType = sourcecode.swift; path = FakeInjector.swift; sourceTree = "<group>"; };
		15DFDEB11DC4203900B4687E /* ObjectBindingSpec.swift */ = {isa = PBXFileReference; fileEncoding = 4; lastKnownFileType = sourcecode.swift; path = ObjectBindingSpec.swift; sourceTree = "<group>"; };
		15DFDEB31DC4208200B4687E /* SingletonBindingSpec.swift */ = {isa = PBXFileReference; fileEncoding = 4; lastKnownFileType = sourcecode.swift; path = SingletonBindingSpec.swift; sourceTree = "<group>"; };
		15DFDEB51DC422FF00B4687E /* BindingsSpec.swift */ = {isa = PBXFileReference; fileEncoding = 4; lastKnownFileType = sourcecode.swift; path = BindingsSpec.swift; sourceTree = "<group>"; };
		1D0519A19FF923381A3514B2 /* Pods-Example.debug.xcconfig */ = {isa = PBXFileReference; includeInIndex = 1; lastKnownFileType = text.xcconfig; name = "Pods-Example.debug.xcconfig"; path = "Pods/Target Support Files/Pods-Example/Pods-Example.debug.xcconfig"; sourceTree = "<group>"; };
		37AF8943EF5EA45674ABD0A9 /* Pods_Applause_Swiftjection_Tests.framework */ = {isa = PBXFileReference; explicitFileType = wrapper.framework; includeInIndex = 0; path = Pods_Applause_Swiftjection_Tests.framework; sourceTree = BUILT_PRODUCTS_DIR; };
		44B573404D359A0E2E551137 /* Pods_Swiftjection_Tests.framework */ = {isa = PBXFileReference; explicitFileType = wrapper.framework; includeInIndex = 0; path = Pods_Swiftjection_Tests.framework; sourceTree = BUILT_PRODUCTS_DIR; };
		607FACE51AFB9204008FA782 /* Swifjection_Tests.xctest */ = {isa = PBXFileReference; explicitFileType = wrapper.cfbundle; includeInIndex = 0; path = Swifjection_Tests.xctest; sourceTree = BUILT_PRODUCTS_DIR; };
		607FACEA1AFB9204008FA782 /* Info.plist */ = {isa = PBXFileReference; lastKnownFileType = text.plist.xml; path = Info.plist; sourceTree = "<group>"; };
		651C9EB247277D4116BF9653 /* Pods-Applause-Swiftjection_Tests.debug.xcconfig */ = {isa = PBXFileReference; includeInIndex = 1; lastKnownFileType = text.xcconfig; name = "Pods-Applause-Swiftjection_Tests.debug.xcconfig"; path = "Pods/Target Support Files/Pods-Applause-Swiftjection_Tests/Pods-Applause-Swiftjection_Tests.debug.xcconfig"; sourceTree = "<group>"; };
		73361A0929BF409FABCF0572 /* README.md */ = {isa = PBXFileReference; includeInIndex = 1; lastKnownFileType = net.daringfireball.markdown; name = README.md; path = ../README.md; sourceTree = "<group>"; };
		9405E3651DC365D3005327D4 /* Bar.swift */ = {isa = PBXFileReference; fileEncoding = 4; lastKnownFileType = sourcecode.swift; path = Bar.swift; sourceTree = "<group>"; };
		9405E3661DC365D3005327D4 /* Foo.swift */ = {isa = PBXFileReference; fileEncoding = 4; lastKnownFileType = sourcecode.swift; path = Foo.swift; sourceTree = "<group>"; };
		9405E3681DC365D3005327D4 /* ViewController.swift */ = {isa = PBXFileReference; fileEncoding = 4; lastKnownFileType = sourcecode.swift; path = ViewController.swift; sourceTree = "<group>"; };
		9405E37F1DC36933005327D4 /* MyBindings.swift */ = {isa = PBXFileReference; fileEncoding = 4; lastKnownFileType = sourcecode.swift; path = MyBindings.swift; sourceTree = "<group>"; };
		9405E3861DC36AE5005327D4 /* Injectable.swift */ = {isa = PBXFileReference; fileEncoding = 4; lastKnownFileType = sourcecode.swift; path = Injectable.swift; sourceTree = "<group>"; };
		9405E3871DC36AE5005327D4 /* Injecting+CreatingObjects.swift */ = {isa = PBXFileReference; fileEncoding = 4; lastKnownFileType = sourcecode.swift; path = "Injecting+CreatingObjects.swift"; sourceTree = "<group>"; };
		9405E3881DC36AE5005327D4 /* Injecting.swift */ = {isa = PBXFileReference; fileEncoding = 4; lastKnownFileType = sourcecode.swift; path = Injecting.swift; sourceTree = "<group>"; };
		9405E3891DC36AE5005327D4 /* Swifjector.swift */ = {isa = PBXFileReference; fileEncoding = 4; lastKnownFileType = sourcecode.swift; path = Swifjector.swift; sourceTree = "<group>"; };
		9405E38A1DC36AE5005327D4 /* SwifjectorFactory.swift */ = {isa = PBXFileReference; fileEncoding = 4; lastKnownFileType = sourcecode.swift; path = SwifjectorFactory.swift; sourceTree = "<group>"; };
		9405E3991DC36BA9005327D4 /* SwifjectorSpec.swift */ = {isa = PBXFileReference; fileEncoding = 4; lastKnownFileType = sourcecode.swift; path = SwifjectorSpec.swift; sourceTree = "<group>"; };
		944F765C1DC35E3E004A2C63 /* Example.app */ = {isa = PBXFileReference; explicitFileType = wrapper.application; includeInIndex = 0; path = Example.app; sourceTree = BUILT_PRODUCTS_DIR; };
		944F765E1DC35E3E004A2C63 /* AppDelegate.swift */ = {isa = PBXFileReference; lastKnownFileType = sourcecode.swift; path = AppDelegate.swift; sourceTree = "<group>"; };
		944F76631DC35E3E004A2C63 /* Base */ = {isa = PBXFileReference; lastKnownFileType = file.storyboard; name = Base; path = Base.lproj/Main.storyboard; sourceTree = "<group>"; };
		944F76651DC35E3E004A2C63 /* Assets.xcassets */ = {isa = PBXFileReference; lastKnownFileType = folder.assetcatalog; path = Assets.xcassets; sourceTree = "<group>"; };
		944F76681DC35E3E004A2C63 /* Base */ = {isa = PBXFileReference; lastKnownFileType = file.storyboard; name = Base; path = Base.lproj/LaunchScreen.storyboard; sourceTree = "<group>"; };
		944F766A1DC35E3E004A2C63 /* Info.plist */ = {isa = PBXFileReference; lastKnownFileType = text.plist.xml; path = Info.plist; sourceTree = "<group>"; };
		ACE728CAC97BD5A39E76D531 /* Pods_Swifjection_Tests.framework */ = {isa = PBXFileReference; explicitFileType = wrapper.framework; includeInIndex = 0; path = Pods_Swifjection_Tests.framework; sourceTree = BUILT_PRODUCTS_DIR; };
		CAD44134AC2BB4C40265990A /* Pods_Example.framework */ = {isa = PBXFileReference; explicitFileType = wrapper.framework; includeInIndex = 0; path = Pods_Example.framework; sourceTree = BUILT_PRODUCTS_DIR; };
		CC7D4013D08A3EA58164DAFC /* Pods-Swifjection_Tests.release.xcconfig */ = {isa = PBXFileReference; includeInIndex = 1; lastKnownFileType = text.xcconfig; name = "Pods-Swifjection_Tests.release.xcconfig"; path = "Pods/Target Support Files/Pods-Swifjection_Tests/Pods-Swifjection_Tests.release.xcconfig"; sourceTree = "<group>"; };
		D538D3ACA8044EF8B68E264E /* Pods-Applause-Swiftjection_Tests.release.xcconfig */ = {isa = PBXFileReference; includeInIndex = 1; lastKnownFileType = text.xcconfig; name = "Pods-Applause-Swiftjection_Tests.release.xcconfig"; path = "Pods/Target Support Files/Pods-Applause-Swiftjection_Tests/Pods-Applause-Swiftjection_Tests.release.xcconfig"; sourceTree = "<group>"; };
		D7F3F747FB45DD40710AB145 /* LICENSE */ = {isa = PBXFileReference; includeInIndex = 1; lastKnownFileType = text; name = LICENSE; path = ../LICENSE; sourceTree = "<group>"; };
		D838D33F1DC33591002B091C /* Swifjection.podspec */ = {isa = PBXFileReference; lastKnownFileType = text; name = Swifjection.podspec; path = ../Swifjection.podspec; sourceTree = "<group>"; };
		D85568AD1DC3308B0081E014 /* Info.plist */ = {isa = PBXFileReference; fileEncoding = 4; lastKnownFileType = text.plist.xml; path = Info.plist; sourceTree = "<group>"; };
		D8BD00F41DC2358E00122227 /* Swifjection.framework */ = {isa = PBXFileReference; explicitFileType = wrapper.framework; includeInIndex = 0; path = Swifjection.framework; sourceTree = BUILT_PRODUCTS_DIR; };
		D8BD010D1DC23E1A00122227 /* ExampleClasses.swift */ = {isa = PBXFileReference; fileEncoding = 4; lastKnownFileType = sourcecode.swift; path = ExampleClasses.swift; sourceTree = "<group>"; };
		EA602F772D38427EA5280725 /* Pods-Swiftjection_Tests.debug.xcconfig */ = {isa = PBXFileReference; includeInIndex = 1; lastKnownFileType = text.xcconfig; name = "Pods-Swiftjection_Tests.debug.xcconfig"; path = "Pods/Target Support Files/Pods-Swiftjection_Tests/Pods-Swiftjection_Tests.debug.xcconfig"; sourceTree = "<group>"; };
		F7274C4AF10CF79A5B459D1F /* Pods-Swifjection_Tests.debug.xcconfig */ = {isa = PBXFileReference; includeInIndex = 1; lastKnownFileType = text.xcconfig; name = "Pods-Swifjection_Tests.debug.xcconfig"; path = "Pods/Target Support Files/Pods-Swifjection_Tests/Pods-Swifjection_Tests.debug.xcconfig"; sourceTree = "<group>"; };
		FCA713B88CD4C09137C56BF9 /* Pods-Swiftjection_Tests.release.xcconfig */ = {isa = PBXFileReference; includeInIndex = 1; lastKnownFileType = text.xcconfig; name = "Pods-Swiftjection_Tests.release.xcconfig"; path = "Pods/Target Support Files/Pods-Swiftjection_Tests/Pods-Swiftjection_Tests.release.xcconfig"; sourceTree = "<group>"; };
		FE6D1025BAD1A44D9F39B826 /* Pods-Example.release.xcconfig */ = {isa = PBXFileReference; includeInIndex = 1; lastKnownFileType = text.xcconfig; name = "Pods-Example.release.xcconfig"; path = "Pods/Target Support Files/Pods-Example/Pods-Example.release.xcconfig"; sourceTree = "<group>"; };
/* End PBXFileReference section */

/* Begin PBXFrameworksBuildPhase section */
		607FACE21AFB9204008FA782 /* Frameworks */ = {
			isa = PBXFrameworksBuildPhase;
			buildActionMask = 2147483647;
			files = (
				1A6EC6F8F7569BB7B911E9E1 /* Pods_Swifjection_Tests.framework in Frameworks */,
			);
			runOnlyForDeploymentPostprocessing = 0;
		};
		944F76591DC35E3E004A2C63 /* Frameworks */ = {
			isa = PBXFrameworksBuildPhase;
			buildActionMask = 2147483647;
			files = (
				07C7AC731D15A8E458884687 /* Pods_Example.framework in Frameworks */,
			);
			runOnlyForDeploymentPostprocessing = 0;
		};
		D8BD00F01DC2358E00122227 /* Frameworks */ = {
			isa = PBXFrameworksBuildPhase;
			buildActionMask = 2147483647;
			files = (
			);
			runOnlyForDeploymentPostprocessing = 0;
		};
/* End PBXFrameworksBuildPhase section */

/* Begin PBXGroup section */
		15DFDEA11DC41D3F00B4687E /* Bindings */ = {
			isa = PBXGroup;
			children = (
				15DFDEA21DC41D3F00B4687E /* Binding.swift */,
				15DFDEA31DC41D3F00B4687E /* Bindings.swift */,
				15DFDEB51DC422FF00B4687E /* BindingsSpec.swift */,
				15DFDEA41DC41D3F00B4687E /* ClosureBinding.swift */,
				15DFDEAC1DC41D8100B4687E /* ClosureBindingSpec.swift */,
				15DFDEA51DC41D3F00B4687E /* ObjectBinding.swift */,
				15DFDEB11DC4203900B4687E /* ObjectBindingSpec.swift */,
				15DFDEA61DC41D3F00B4687E /* SingletonBinding.swift */,
				15DFDEB31DC4208200B4687E /* SingletonBindingSpec.swift */,
				15A5E1681DC4B47100A4D8CF /* TypeBinding.swift */,
				15A5E16A1DC50DAE00A4D8CF /* TypeBindingSpec.swift */,
			);
			path = Bindings;
			sourceTree = "<group>";
		};
		607FACC71AFB9204008FA782 = {
			isa = PBXGroup;
			children = (
				D8BD00FC1DC2359600122227 /* Swifjection */,
				607FACF51AFB993E008FA782 /* Podspec Metadata */,
				607FACE81AFB9204008FA782 /* Tests */,
				944F765D1DC35E3E004A2C63 /* Example */,
				607FACD11AFB9204008FA782 /* Products */,
				D85568AC1DC3308B0081E014 /* Supporting Files */,
				DAC36CA04CCD5CB618ADC8C8 /* Pods */,
				75CD169559D0A1256AC7CA75 /* Frameworks */,
			);
			sourceTree = "<group>";
		};
		607FACD11AFB9204008FA782 /* Products */ = {
			isa = PBXGroup;
			children = (
				607FACE51AFB9204008FA782 /* Swifjection_Tests.xctest */,
				D8BD00F41DC2358E00122227 /* Swifjection.framework */,
				944F765C1DC35E3E004A2C63 /* Example.app */,
			);
			name = Products;
			sourceTree = "<group>";
		};
		607FACE81AFB9204008FA782 /* Tests */ = {
			isa = PBXGroup;
			children = (
				D8BD010A1DC23DC900122227 /* Helpers */,
				607FACE91AFB9204008FA782 /* Supporting Files */,
			);
			path = Tests;
			sourceTree = "<group>";
		};
		607FACE91AFB9204008FA782 /* Supporting Files */ = {
			isa = PBXGroup;
			children = (
				607FACEA1AFB9204008FA782 /* Info.plist */,
			);
			name = "Supporting Files";
			sourceTree = "<group>";
		};
		607FACF51AFB993E008FA782 /* Podspec Metadata */ = {
			isa = PBXGroup;
			children = (
				D838D33F1DC33591002B091C /* Swifjection.podspec */,
				73361A0929BF409FABCF0572 /* README.md */,
				D7F3F747FB45DD40710AB145 /* LICENSE */,
			);
			name = "Podspec Metadata";
			sourceTree = "<group>";
		};
		75CD169559D0A1256AC7CA75 /* Frameworks */ = {
			isa = PBXGroup;
			children = (
				37AF8943EF5EA45674ABD0A9 /* Pods_Applause_Swiftjection_Tests.framework */,
				44B573404D359A0E2E551137 /* Pods_Swiftjection_Tests.framework */,
				ACE728CAC97BD5A39E76D531 /* Pods_Swifjection_Tests.framework */,
				CAD44134AC2BB4C40265990A /* Pods_Example.framework */,
			);
			name = Frameworks;
			sourceTree = "<group>";
		};
		9405E3641DC365D3005327D4 /* Classes */ = {
			isa = PBXGroup;
			children = (
				9405E3661DC365D3005327D4 /* Foo.swift */,
				9405E3651DC365D3005327D4 /* Bar.swift */,
			);
			path = Classes;
			sourceTree = "<group>";
		};
		9405E3671DC365D3005327D4 /* UI */ = {
			isa = PBXGroup;
			children = (
				944F76621DC35E3E004A2C63 /* Main.storyboard */,
				944F76671DC35E3E004A2C63 /* LaunchScreen.storyboard */,
				9405E3681DC365D3005327D4 /* ViewController.swift */,
			);
			path = UI;
			sourceTree = "<group>";
		};
		9405E3821DC36AE5005327D4 /* Classes */ = {
			isa = PBXGroup;
			children = (
				15DFDEA11DC41D3F00B4687E /* Bindings */,
				9405E3851DC36AE5005327D4 /* Protocols */,
				9405E3891DC36AE5005327D4 /* Swifjector.swift */,
				9405E3991DC36BA9005327D4 /* SwifjectorSpec.swift */,
				15A5E16C1DC52A1400A4D8CF /* SwifjectionIntegrationTests.swift */,
				9405E38A1DC36AE5005327D4 /* SwifjectorFactory.swift */,
			);
			name = Classes;
			path = ../Swifjection/Classes;
			sourceTree = "<group>";
		};
		9405E3851DC36AE5005327D4 /* Protocols */ = {
			isa = PBXGroup;
			children = (
				9405E3861DC36AE5005327D4 /* Injectable.swift */,
				9405E3871DC36AE5005327D4 /* Injecting+CreatingObjects.swift */,
				9405E3881DC36AE5005327D4 /* Injecting.swift */,
			);
			path = Protocols;
			sourceTree = "<group>";
		};
		944F765D1DC35E3E004A2C63 /* Example */ = {
			isa = PBXGroup;
			children = (
				9405E3641DC365D3005327D4 /* Classes */,
				9405E3671DC365D3005327D4 /* UI */,
				944F765E1DC35E3E004A2C63 /* AppDelegate.swift */,
				944F76651DC35E3E004A2C63 /* Assets.xcassets */,
				944F766A1DC35E3E004A2C63 /* Info.plist */,
				9405E37F1DC36933005327D4 /* MyBindings.swift */,
			);
			path = Example;
			sourceTree = "<group>";
		};
		D85568AC1DC3308B0081E014 /* Supporting Files */ = {
			isa = PBXGroup;
			children = (
				D85568AD1DC3308B0081E014 /* Info.plist */,
			);
			path = "Supporting Files";
			sourceTree = "<group>";
		};
		D8BD00FC1DC2359600122227 /* Swifjection */ = {
			isa = PBXGroup;
			children = (
				9405E3821DC36AE5005327D4 /* Classes */,
			);
			name = Swifjection;
			sourceTree = "<group>";
		};
		D8BD010A1DC23DC900122227 /* Helpers */ = {
			isa = PBXGroup;
			children = (
				D8BD010D1DC23E1A00122227 /* ExampleClasses.swift */,
				15DFDEAF1DC41EE300B4687E /* FakeInjector.swift */,
			);
			path = Helpers;
			sourceTree = "<group>";
		};
		DAC36CA04CCD5CB618ADC8C8 /* Pods */ = {
			isa = PBXGroup;
			children = (
				651C9EB247277D4116BF9653 /* Pods-Applause-Swiftjection_Tests.debug.xcconfig */,
				D538D3ACA8044EF8B68E264E /* Pods-Applause-Swiftjection_Tests.release.xcconfig */,
				EA602F772D38427EA5280725 /* Pods-Swiftjection_Tests.debug.xcconfig */,
				FCA713B88CD4C09137C56BF9 /* Pods-Swiftjection_Tests.release.xcconfig */,
				F7274C4AF10CF79A5B459D1F /* Pods-Swifjection_Tests.debug.xcconfig */,
				CC7D4013D08A3EA58164DAFC /* Pods-Swifjection_Tests.release.xcconfig */,
				1D0519A19FF923381A3514B2 /* Pods-Example.debug.xcconfig */,
				FE6D1025BAD1A44D9F39B826 /* Pods-Example.release.xcconfig */,
			);
			name = Pods;
			sourceTree = "<group>";
		};
/* End PBXGroup section */

/* Begin PBXHeadersBuildPhase section */
		D8BD00F11DC2358E00122227 /* Headers */ = {
			isa = PBXHeadersBuildPhase;
			buildActionMask = 2147483647;
			files = (
			);
			runOnlyForDeploymentPostprocessing = 0;
		};
/* End PBXHeadersBuildPhase section */

/* Begin PBXNativeTarget section */
		607FACE41AFB9204008FA782 /* Swifjection_Tests */ = {
			isa = PBXNativeTarget;
			buildConfigurationList = 607FACF21AFB9204008FA782 /* Build configuration list for PBXNativeTarget "Swifjection_Tests" */;
			buildPhases = (
				A295988C9C352BBCD580EF20 /* [CP] Check Pods Manifest.lock */,
				607FACE11AFB9204008FA782 /* Sources */,
				607FACE21AFB9204008FA782 /* Frameworks */,
				607FACE31AFB9204008FA782 /* Resources */,
				F4C790C5A194C62E41AD9ED3 /* [CP] Embed Pods Frameworks */,
				F12151D5F330A749E291DFDE /* [CP] Copy Pods Resources */,
			);
			buildRules = (
			);
			dependencies = (
			);
			name = Swifjection_Tests;
			productName = Tests;
			productReference = 607FACE51AFB9204008FA782 /* Swifjection_Tests.xctest */;
			productType = "com.apple.product-type.bundle.unit-test";
		};
		944F765B1DC35E3E004A2C63 /* Example */ = {
			isa = PBXNativeTarget;
			buildConfigurationList = 944F766D1DC35E3E004A2C63 /* Build configuration list for PBXNativeTarget "Example" */;
			buildPhases = (
				0834538E4EC7EA0A9FA035C0 /* [CP] Check Pods Manifest.lock */,
				944F76581DC35E3E004A2C63 /* Sources */,
				944F76591DC35E3E004A2C63 /* Frameworks */,
				944F765A1DC35E3E004A2C63 /* Resources */,
				C1921CC01AE8A1B2839DB236 /* [CP] Embed Pods Frameworks */,
				F53EBFC127D081F66E768CD3 /* [CP] Copy Pods Resources */,
			);
			buildRules = (
			);
			dependencies = (
			);
			name = Example;
			productName = Example;
			productReference = 944F765C1DC35E3E004A2C63 /* Example.app */;
			productType = "com.apple.product-type.application";
		};
		D8BD00F31DC2358E00122227 /* Swifjection */ = {
			isa = PBXNativeTarget;
			buildConfigurationList = D8BD00F91DC2358E00122227 /* Build configuration list for PBXNativeTarget "Swifjection" */;
			buildPhases = (
				D8BD00EF1DC2358E00122227 /* Sources */,
				D8BD00F01DC2358E00122227 /* Frameworks */,
				D8BD00F11DC2358E00122227 /* Headers */,
				D8BD00F21DC2358E00122227 /* Resources */,
			);
			buildRules = (
			);
			dependencies = (
			);
			name = Swifjection;
			productName = ApplauseSwiftjection;
			productReference = D8BD00F41DC2358E00122227 /* Swifjection.framework */;
			productType = "com.apple.product-type.framework";
		};
/* End PBXNativeTarget section */

/* Begin PBXProject section */
		607FACC81AFB9204008FA782 /* Project object */ = {
			isa = PBXProject;
			attributes = {
				LastSwiftUpdateCheck = 0800;
				LastUpgradeCheck = 0810;
				ORGANIZATIONNAME = "Applause Inc";
				TargetAttributes = {
					607FACE41AFB9204008FA782 = {
						CreatedOnToolsVersion = 6.3.1;
						LastSwiftMigration = 0800;
						TestTargetID = 607FACCF1AFB9204008FA782;
					};
					944F765B1DC35E3E004A2C63 = {
						CreatedOnToolsVersion = 8.0;
						DevelopmentTeam = LYUD6CM45U;
						ProvisioningStyle = Automatic;
					};
					D8BD00F31DC2358E00122227 = {
						CreatedOnToolsVersion = 8.0;
						DevelopmentTeam = LYUD6CM45U;
						ProvisioningStyle = Automatic;
					};
				};
			};
			buildConfigurationList = 607FACCB1AFB9204008FA782 /* Build configuration list for PBXProject "Swifjection" */;
			compatibilityVersion = "Xcode 3.2";
			developmentRegion = English;
			hasScannedForEncodings = 0;
			knownRegions = (
				en,
				Base,
			);
			mainGroup = 607FACC71AFB9204008FA782;
			productRefGroup = 607FACD11AFB9204008FA782 /* Products */;
			projectDirPath = "";
			projectRoot = "";
			targets = (
				944F765B1DC35E3E004A2C63 /* Example */,
				D8BD00F31DC2358E00122227 /* Swifjection */,
				607FACE41AFB9204008FA782 /* Swifjection_Tests */,
			);
		};
/* End PBXProject section */

/* Begin PBXResourcesBuildPhase section */
		607FACE31AFB9204008FA782 /* Resources */ = {
			isa = PBXResourcesBuildPhase;
			buildActionMask = 2147483647;
			files = (
			);
			runOnlyForDeploymentPostprocessing = 0;
		};
		944F765A1DC35E3E004A2C63 /* Resources */ = {
			isa = PBXResourcesBuildPhase;
			buildActionMask = 2147483647;
			files = (
				944F76691DC35E3E004A2C63 /* LaunchScreen.storyboard in Resources */,
				944F76661DC35E3E004A2C63 /* Assets.xcassets in Resources */,
				944F76641DC35E3E004A2C63 /* Main.storyboard in Resources */,
			);
			runOnlyForDeploymentPostprocessing = 0;
		};
		D8BD00F21DC2358E00122227 /* Resources */ = {
			isa = PBXResourcesBuildPhase;
			buildActionMask = 2147483647;
			files = (
			);
			runOnlyForDeploymentPostprocessing = 0;
		};
/* End PBXResourcesBuildPhase section */

/* Begin PBXShellScriptBuildPhase section */
		0834538E4EC7EA0A9FA035C0 /* [CP] Check Pods Manifest.lock */ = {
			isa = PBXShellScriptBuildPhase;
			buildActionMask = 2147483647;
			files = (
			);
			inputPaths = (
			);
			name = "[CP] Check Pods Manifest.lock";
			outputPaths = (
			);
			runOnlyForDeploymentPostprocessing = 0;
			shellPath = /bin/sh;
			shellScript = "diff \"${PODS_ROOT}/../Podfile.lock\" \"${PODS_ROOT}/Manifest.lock\" > /dev/null\nif [ $? != 0 ] ; then\n    # print error to STDERR\n    echo \"error: The sandbox is not in sync with the Podfile.lock. Run 'pod install' or update your CocoaPods installation.\" >&2\n    exit 1\nfi\n";
			showEnvVarsInLog = 0;
		};
		A295988C9C352BBCD580EF20 /* [CP] Check Pods Manifest.lock */ = {
			isa = PBXShellScriptBuildPhase;
			buildActionMask = 2147483647;
			files = (
			);
			inputPaths = (
			);
			name = "[CP] Check Pods Manifest.lock";
			outputPaths = (
			);
			runOnlyForDeploymentPostprocessing = 0;
			shellPath = /bin/sh;
			shellScript = "diff \"${PODS_ROOT}/../Podfile.lock\" \"${PODS_ROOT}/Manifest.lock\" > /dev/null\nif [ $? != 0 ] ; then\n    # print error to STDERR\n    echo \"error: The sandbox is not in sync with the Podfile.lock. Run 'pod install' or update your CocoaPods installation.\" >&2\n    exit 1\nfi\n";
			showEnvVarsInLog = 0;
		};
		C1921CC01AE8A1B2839DB236 /* [CP] Embed Pods Frameworks */ = {
			isa = PBXShellScriptBuildPhase;
			buildActionMask = 2147483647;
			files = (
			);
			inputPaths = (
			);
			name = "[CP] Embed Pods Frameworks";
			outputPaths = (
			);
			runOnlyForDeploymentPostprocessing = 0;
			shellPath = /bin/sh;
			shellScript = "\"${SRCROOT}/Pods/Target Support Files/Pods-Example/Pods-Example-frameworks.sh\"\n";
			showEnvVarsInLog = 0;
		};
		F12151D5F330A749E291DFDE /* [CP] Copy Pods Resources */ = {
			isa = PBXShellScriptBuildPhase;
			buildActionMask = 2147483647;
			files = (
			);
			inputPaths = (
			);
			name = "[CP] Copy Pods Resources";
			outputPaths = (
			);
			runOnlyForDeploymentPostprocessing = 0;
			shellPath = /bin/sh;
			shellScript = "\"${SRCROOT}/Pods/Target Support Files/Pods-Swifjection_Tests/Pods-Swifjection_Tests-resources.sh\"\n";
			showEnvVarsInLog = 0;
		};
		F4C790C5A194C62E41AD9ED3 /* [CP] Embed Pods Frameworks */ = {
			isa = PBXShellScriptBuildPhase;
			buildActionMask = 2147483647;
			files = (
			);
			inputPaths = (
			);
			name = "[CP] Embed Pods Frameworks";
			outputPaths = (
			);
			runOnlyForDeploymentPostprocessing = 0;
			shellPath = /bin/sh;
			shellScript = "\"${SRCROOT}/Pods/Target Support Files/Pods-Swifjection_Tests/Pods-Swifjection_Tests-frameworks.sh\"\n";
			showEnvVarsInLog = 0;
		};
		F53EBFC127D081F66E768CD3 /* [CP] Copy Pods Resources */ = {
			isa = PBXShellScriptBuildPhase;
			buildActionMask = 2147483647;
			files = (
			);
			inputPaths = (
			);
			name = "[CP] Copy Pods Resources";
			outputPaths = (
			);
			runOnlyForDeploymentPostprocessing = 0;
			shellPath = /bin/sh;
			shellScript = "\"${SRCROOT}/Pods/Target Support Files/Pods-Example/Pods-Example-resources.sh\"\n";
			showEnvVarsInLog = 0;
		};
/* End PBXShellScriptBuildPhase section */

/* Begin PBXSourcesBuildPhase section */
		607FACE11AFB9204008FA782 /* Sources */ = {
			isa = PBXSourcesBuildPhase;
			buildActionMask = 2147483647;
			files = (
				15A5E16B1DC50DAE00A4D8CF /* TypeBindingSpec.swift in Sources */,
				15DFDEB41DC4208200B4687E /* SingletonBindingSpec.swift in Sources */,
				9405E39B1DC36BB0005327D4 /* SwifjectorSpec.swift in Sources */,
				15DFDEAE1DC41D8700B4687E /* ClosureBindingSpec.swift in Sources */,
				15DFDEB21DC4203900B4687E /* ObjectBindingSpec.swift in Sources */,
				15DFDEB01DC41EE300B4687E /* FakeInjector.swift in Sources */,
				15DFDEB61DC422FF00B4687E /* BindingsSpec.swift in Sources */,
				15A5E16D1DC52A1400A4D8CF /* SwifjectionIntegrationTests.swift in Sources */,
				D8BD010E1DC23E1A00122227 /* ExampleClasses.swift in Sources */,
			);
			runOnlyForDeploymentPostprocessing = 0;
		};
		944F76581DC35E3E004A2C63 /* Sources */ = {
			isa = PBXSourcesBuildPhase;
			buildActionMask = 2147483647;
			files = (
				9405E3971DC36AE5005327D4 /* SwifjectorFactory.swift in Sources */,
				9405E36B1DC365D3005327D4 /* ViewController.swift in Sources */,
				9405E3801DC36933005327D4 /* MyBindings.swift in Sources */,
				9405E36A1DC365D3005327D4 /* Foo.swift in Sources */,
				9405E3951DC36AE5005327D4 /* Swifjector.swift in Sources */,
				9405E3691DC365D3005327D4 /* Bar.swift in Sources */,
				944F765F1DC35E3E004A2C63 /* AppDelegate.swift in Sources */,
				9405E3931DC36AE5005327D4 /* Injecting.swift in Sources */,
				9405E38F1DC36AE5005327D4 /* Injectable.swift in Sources */,
				9405E3911DC36AE5005327D4 /* Injecting+CreatingObjects.swift in Sources */,
			);
			runOnlyForDeploymentPostprocessing = 0;
		};
		D8BD00EF1DC2358E00122227 /* Sources */ = {
			isa = PBXSourcesBuildPhase;
			buildActionMask = 2147483647;
			files = (
				9405E3921DC36AE5005327D4 /* Injecting+CreatingObjects.swift in Sources */,
				15DFDEAB1DC41D3F00B4687E /* SingletonBinding.swift in Sources */,
				15DFDEA91DC41D3F00B4687E /* ClosureBinding.swift in Sources */,
				9405E3941DC36AE5005327D4 /* Injecting.swift in Sources */,
				9405E3981DC36AE5005327D4 /* SwifjectorFactory.swift in Sources */,
				15DFDEA71DC41D3F00B4687E /* Binding.swift in Sources */,
				9405E3901DC36AE5005327D4 /* Injectable.swift in Sources */,
				15A5E1691DC4B47100A4D8CF /* TypeBinding.swift in Sources */,
				9405E3961DC36AE5005327D4 /* Swifjector.swift in Sources */,
				15DFDEAA1DC41D3F00B4687E /* ObjectBinding.swift in Sources */,
				15DFDEA81DC41D3F00B4687E /* Bindings.swift in Sources */,
			);
			runOnlyForDeploymentPostprocessing = 0;
		};
/* End PBXSourcesBuildPhase section */

/* Begin PBXVariantGroup section */
		944F76621DC35E3E004A2C63 /* Main.storyboard */ = {
			isa = PBXVariantGroup;
			children = (
				944F76631DC35E3E004A2C63 /* Base */,
			);
			name = Main.storyboard;
			path = ..;
			sourceTree = "<group>";
		};
		944F76671DC35E3E004A2C63 /* LaunchScreen.storyboard */ = {
			isa = PBXVariantGroup;
			children = (
				944F76681DC35E3E004A2C63 /* Base */,
			);
			name = LaunchScreen.storyboard;
			path = ..;
			sourceTree = "<group>";
		};
/* End PBXVariantGroup section */

/* Begin XCBuildConfiguration section */
		607FACED1AFB9204008FA782 /* Debug */ = {
			isa = XCBuildConfiguration;
			buildSettings = {
				ALWAYS_SEARCH_USER_PATHS = NO;
				CLANG_CXX_LANGUAGE_STANDARD = "gnu++0x";
				CLANG_CXX_LIBRARY = "libc++";
				CLANG_ENABLE_MODULES = YES;
				CLANG_ENABLE_OBJC_ARC = YES;
				CLANG_WARN_BOOL_CONVERSION = YES;
				CLANG_WARN_CONSTANT_CONVERSION = YES;
				CLANG_WARN_DIRECT_OBJC_ISA_USAGE = YES_ERROR;
				CLANG_WARN_EMPTY_BODY = YES;
				CLANG_WARN_ENUM_CONVERSION = YES;
				CLANG_WARN_INFINITE_RECURSION = YES;
				CLANG_WARN_INT_CONVERSION = YES;
				CLANG_WARN_OBJC_ROOT_CLASS = YES_ERROR;
				CLANG_WARN_SUSPICIOUS_MOVE = YES;
				CLANG_WARN_UNREACHABLE_CODE = YES;
				CLANG_WARN__DUPLICATE_METHOD_MATCH = YES;
				"CODE_SIGN_IDENTITY[sdk=iphoneos*]" = "iPhone Developer";
				COPY_PHASE_STRIP = NO;
				DEBUG_INFORMATION_FORMAT = "dwarf-with-dsym";
				ENABLE_STRICT_OBJC_MSGSEND = YES;
				ENABLE_TESTABILITY = YES;
				GCC_C_LANGUAGE_STANDARD = gnu99;
				GCC_DYNAMIC_NO_PIC = NO;
				GCC_NO_COMMON_BLOCKS = YES;
				GCC_OPTIMIZATION_LEVEL = 0;
				GCC_PREPROCESSOR_DEFINITIONS = (
					"DEBUG=1",
					"$(inherited)",
				);
				GCC_SYMBOLS_PRIVATE_EXTERN = NO;
				GCC_WARN_64_TO_32_BIT_CONVERSION = YES;
				GCC_WARN_ABOUT_RETURN_TYPE = YES_ERROR;
				GCC_WARN_UNDECLARED_SELECTOR = YES;
				GCC_WARN_UNINITIALIZED_AUTOS = YES_AGGRESSIVE;
				GCC_WARN_UNUSED_FUNCTION = YES;
				GCC_WARN_UNUSED_VARIABLE = YES;
				IPHONEOS_DEPLOYMENT_TARGET = 8.3;
				MTL_ENABLE_DEBUG_INFO = YES;
				ONLY_ACTIVE_ARCH = YES;
				SDKROOT = iphoneos;
				SWIFT_OPTIMIZATION_LEVEL = "-Onone";
			};
			name = Debug;
		};
		607FACEE1AFB9204008FA782 /* Release */ = {
			isa = XCBuildConfiguration;
			buildSettings = {
				ALWAYS_SEARCH_USER_PATHS = NO;
				CLANG_CXX_LANGUAGE_STANDARD = "gnu++0x";
				CLANG_CXX_LIBRARY = "libc++";
				CLANG_ENABLE_MODULES = YES;
				CLANG_ENABLE_OBJC_ARC = YES;
				CLANG_WARN_BOOL_CONVERSION = YES;
				CLANG_WARN_CONSTANT_CONVERSION = YES;
				CLANG_WARN_DIRECT_OBJC_ISA_USAGE = YES_ERROR;
				CLANG_WARN_EMPTY_BODY = YES;
				CLANG_WARN_ENUM_CONVERSION = YES;
				CLANG_WARN_INFINITE_RECURSION = YES;
				CLANG_WARN_INT_CONVERSION = YES;
				CLANG_WARN_OBJC_ROOT_CLASS = YES_ERROR;
				CLANG_WARN_SUSPICIOUS_MOVE = YES;
				CLANG_WARN_UNREACHABLE_CODE = YES;
				CLANG_WARN__DUPLICATE_METHOD_MATCH = YES;
				"CODE_SIGN_IDENTITY[sdk=iphoneos*]" = "iPhone Developer";
				COPY_PHASE_STRIP = NO;
				DEBUG_INFORMATION_FORMAT = "dwarf-with-dsym";
				ENABLE_NS_ASSERTIONS = NO;
				ENABLE_STRICT_OBJC_MSGSEND = YES;
				GCC_C_LANGUAGE_STANDARD = gnu99;
				GCC_NO_COMMON_BLOCKS = YES;
				GCC_WARN_64_TO_32_BIT_CONVERSION = YES;
				GCC_WARN_ABOUT_RETURN_TYPE = YES_ERROR;
				GCC_WARN_UNDECLARED_SELECTOR = YES;
				GCC_WARN_UNINITIALIZED_AUTOS = YES_AGGRESSIVE;
				GCC_WARN_UNUSED_FUNCTION = YES;
				GCC_WARN_UNUSED_VARIABLE = YES;
				IPHONEOS_DEPLOYMENT_TARGET = 8.3;
				MTL_ENABLE_DEBUG_INFO = NO;
				SDKROOT = iphoneos;
				SWIFT_OPTIMIZATION_LEVEL = "-Owholemodule";
				VALIDATE_PRODUCT = YES;
			};
			name = Release;
		};
		607FACF31AFB9204008FA782 /* Debug */ = {
			isa = XCBuildConfiguration;
			baseConfigurationReference = F7274C4AF10CF79A5B459D1F /* Pods-Swifjection_Tests.debug.xcconfig */;
			buildSettings = {
				GCC_PREPROCESSOR_DEFINITIONS = (
					"DEBUG=1",
					"$(inherited)",
				);
				INFOPLIST_FILE = Tests/Info.plist;
				LD_RUNPATH_SEARCH_PATHS = "$(inherited) @executable_path/Frameworks @loader_path/Frameworks";
				PRODUCT_BUNDLE_IDENTIFIER = "org.cocoapods.$(PRODUCT_NAME:rfc1034identifier)";
				PRODUCT_NAME = "$(TARGET_NAME)";
				SWIFT_VERSION = 3.0;
			};
			name = Debug;
		};
		607FACF41AFB9204008FA782 /* Release */ = {
			isa = XCBuildConfiguration;
			baseConfigurationReference = CC7D4013D08A3EA58164DAFC /* Pods-Swifjection_Tests.release.xcconfig */;
			buildSettings = {
				INFOPLIST_FILE = Tests/Info.plist;
				LD_RUNPATH_SEARCH_PATHS = "$(inherited) @executable_path/Frameworks @loader_path/Frameworks";
				PRODUCT_BUNDLE_IDENTIFIER = "org.cocoapods.$(PRODUCT_NAME:rfc1034identifier)";
				PRODUCT_NAME = "$(TARGET_NAME)";
				SWIFT_VERSION = 3.0;
			};
			name = Release;
		};
		944F766B1DC35E3E004A2C63 /* Debug */ = {
			isa = XCBuildConfiguration;
			baseConfigurationReference = 1D0519A19FF923381A3514B2 /* Pods-Example.debug.xcconfig */;
			buildSettings = {
				ASSETCATALOG_COMPILER_APPICON_NAME = AppIcon;
				CLANG_ANALYZER_NONNULL = YES;
				CLANG_WARN_DOCUMENTATION_COMMENTS = YES;
				CLANG_WARN_SUSPICIOUS_MOVES = YES;
				DEBUG_INFORMATION_FORMAT = dwarf;
				DEVELOPMENT_TEAM = LYUD6CM45U;
				INFOPLIST_FILE = Example/Info.plist;
				IPHONEOS_DEPLOYMENT_TARGET = 8.0;
				LD_RUNPATH_SEARCH_PATHS = "$(inherited) @executable_path/Frameworks";
				PRODUCT_BUNDLE_IDENTIFIER = com.applause.Example;
				PRODUCT_NAME = "$(TARGET_NAME)";
				SWIFT_ACTIVE_COMPILATION_CONDITIONS = DEBUG;
				SWIFT_VERSION = 3.0;
				TARGETED_DEVICE_FAMILY = "1,2";
			};
			name = Debug;
		};
		944F766C1DC35E3E004A2C63 /* Release */ = {
			isa = XCBuildConfiguration;
			baseConfigurationReference = FE6D1025BAD1A44D9F39B826 /* Pods-Example.release.xcconfig */;
			buildSettings = {
				ASSETCATALOG_COMPILER_APPICON_NAME = AppIcon;
				CLANG_ANALYZER_NONNULL = YES;
				CLANG_WARN_DOCUMENTATION_COMMENTS = YES;
				CLANG_WARN_SUSPICIOUS_MOVES = YES;
				DEVELOPMENT_TEAM = LYUD6CM45U;
				INFOPLIST_FILE = Example/Info.plist;
				IPHONEOS_DEPLOYMENT_TARGET = 8.0;
				LD_RUNPATH_SEARCH_PATHS = "$(inherited) @executable_path/Frameworks";
				PRODUCT_BUNDLE_IDENTIFIER = com.applause.Example;
				PRODUCT_NAME = "$(TARGET_NAME)";
				SWIFT_VERSION = 3.0;
				TARGETED_DEVICE_FAMILY = "1,2";
			};
			name = Release;
		};
		D8BD00FA1DC2358E00122227 /* Debug */ = {
			isa = XCBuildConfiguration;
			buildSettings = {
				CLANG_ANALYZER_NONNULL = YES;
				CLANG_WARN_DOCUMENTATION_COMMENTS = YES;
				CLANG_WARN_INFINITE_RECURSION = YES;
				CLANG_WARN_SUSPICIOUS_MOVES = YES;
				CODE_SIGN_IDENTITY = "";
				CURRENT_PROJECT_VERSION = 1;
				DEBUG_INFORMATION_FORMAT = dwarf;
				DEFINES_MODULE = YES;
				DEVELOPMENT_TEAM = LYUD6CM45U;
				DYLIB_COMPATIBILITY_VERSION = 1;
				DYLIB_CURRENT_VERSION = 1;
				DYLIB_INSTALL_NAME_BASE = "@rpath";
				INFOPLIST_FILE = "Supporting Files/Info.plist";
				INSTALL_PATH = "$(LOCAL_LIBRARY_DIR)/Frameworks";
				IPHONEOS_DEPLOYMENT_TARGET = 8.0;
				LD_RUNPATH_SEARCH_PATHS = "$(inherited) @executable_path/Frameworks @loader_path/Frameworks";
				PRODUCT_BUNDLE_IDENTIFIER = com.applause.swifjection;
				PRODUCT_NAME = "$(TARGET_NAME)";
				SKIP_INSTALL = YES;
				SWIFT_ACTIVE_COMPILATION_CONDITIONS = DEBUG;
				SWIFT_VERSION = 3.0;
				TARGETED_DEVICE_FAMILY = "1,2";
				VERSIONING_SYSTEM = "apple-generic";
				VERSION_INFO_PREFIX = "";
			};
			name = Debug;
		};
		D8BD00FB1DC2358E00122227 /* Release */ = {
			isa = XCBuildConfiguration;
			buildSettings = {
				CLANG_ANALYZER_NONNULL = YES;
				CLANG_WARN_DOCUMENTATION_COMMENTS = YES;
				CLANG_WARN_INFINITE_RECURSION = YES;
				CLANG_WARN_SUSPICIOUS_MOVES = YES;
				CODE_SIGN_IDENTITY = "";
				CURRENT_PROJECT_VERSION = 1;
				DEFINES_MODULE = YES;
				DEVELOPMENT_TEAM = LYUD6CM45U;
				DYLIB_COMPATIBILITY_VERSION = 1;
				DYLIB_CURRENT_VERSION = 1;
				DYLIB_INSTALL_NAME_BASE = "@rpath";
				INFOPLIST_FILE = "Supporting Files/Info.plist";
				INSTALL_PATH = "$(LOCAL_LIBRARY_DIR)/Frameworks";
				IPHONEOS_DEPLOYMENT_TARGET = 8.0;
				LD_RUNPATH_SEARCH_PATHS = "$(inherited) @executable_path/Frameworks @loader_path/Frameworks";
				PRODUCT_BUNDLE_IDENTIFIER = com.applause.swifjection;
				PRODUCT_NAME = "$(TARGET_NAME)";
				SKIP_INSTALL = YES;
				SWIFT_OPTIMIZATION_LEVEL = "-Owholemodule";
				SWIFT_VERSION = 3.0;
				TARGETED_DEVICE_FAMILY = "1,2";
				VERSIONING_SYSTEM = "apple-generic";
				VERSION_INFO_PREFIX = "";
			};
			name = Release;
		};
/* End XCBuildConfiguration section */

/* Begin XCConfigurationList section */
		607FACCB1AFB9204008FA782 /* Build configuration list for PBXProject "Swifjection" */ = {
			isa = XCConfigurationList;
			buildConfigurations = (
				607FACED1AFB9204008FA782 /* Debug */,
				607FACEE1AFB9204008FA782 /* Release */,
			);
			defaultConfigurationIsVisible = 0;
			defaultConfigurationName = Release;
		};
		607FACF21AFB9204008FA782 /* Build configuration list for PBXNativeTarget "Swifjection_Tests" */ = {
			isa = XCConfigurationList;
			buildConfigurations = (
				607FACF31AFB9204008FA782 /* Debug */,
				607FACF41AFB9204008FA782 /* Release */,
			);
			defaultConfigurationIsVisible = 0;
			defaultConfigurationName = Release;
		};
		944F766D1DC35E3E004A2C63 /* Build configuration list for PBXNativeTarget "Example" */ = {
			isa = XCConfigurationList;
			buildConfigurations = (
				944F766B1DC35E3E004A2C63 /* Debug */,
				944F766C1DC35E3E004A2C63 /* Release */,
			);
			defaultConfigurationIsVisible = 0;
			defaultConfigurationName = Release;
		};
		D8BD00F91DC2358E00122227 /* Build configuration list for PBXNativeTarget "Swifjection" */ = {
			isa = XCConfigurationList;
			buildConfigurations = (
				D8BD00FA1DC2358E00122227 /* Debug */,
				D8BD00FB1DC2358E00122227 /* Release */,
			);
			defaultConfigurationIsVisible = 0;
			defaultConfigurationName = Release;
		};
/* End XCConfigurationList section */
	};
	rootObject = 607FACC81AFB9204008FA782 /* Project object */;
}
