PODS:
  - Nimble (5.1.0)
  - Quick (0.10.0)
  - Swifjection (0.4.0)

DEPENDENCIES:
  - Nimble
  - Quick
  - Swifjection (from `../`)

EXTERNAL SOURCES:
  Swifjection:
    :path: "../"

SPEC CHECKSUMS:
  Nimble: 5ea121a2eda60440287054cde077fc0ad22227b3
  Quick: 5d290df1c69d5ee2f0729956dcf0fd9a30447eaa
  Swifjection: 57e834d990aebfb3b39c63db209508ae871b86c8

PODFILE CHECKSUM: 60d64b0fbabf954b03972ce4ed30ea4722d7aa72

COCOAPODS: 1.1.1
