PODS:
  - Nimble (5.1.1)
  - Quick (0.10.0)
  - Swifjection (0.5.0)

DEPENDENCIES:
  - Nimble
  - Quick
  - Swifjection (from `../`)

EXTERNAL SOURCES:
  Swifjection:
    :path: "../"

SPEC CHECKSUMS:
  Nimble: 415e3aa3267e7bc2c96b05fa814ddea7bb686a29
  Quick: 5d290df1c69d5ee2f0729956dcf0fd9a30447eaa
  Swifjection: 0614fc542a7009b1f99684031d4bf3b9ee2008aa

PODFILE CHECKSUM: 60d64b0fbabf954b03972ce4ed30ea4722d7aa72

COCOAPODS: 1.1.1
