PODS:
  - Nimble (8.0.0)
  - Quick (2.0.0)
  - Swifjection (0.7.0)

DEPENDENCIES:
  - Nimble
  - Quick
  - Swifjection (from `../`)

SPEC REPOS:
  https://github.com/cocoapods/specs.git:
    - Nimble
    - Quick

EXTERNAL SOURCES:
  Swifjection:
    :path: "../"

SPEC CHECKSUMS:
  Nimble: a0e6f95b4b91a4f66b6da3512b6bebc07c9cbf49
  Quick: ce1276c7c27ba2da3cb2fd0cde053c3648b3b22d
  Swifjection: b71d8f39aed2a66b402aa2a2fbff09c6ff30dd29

PODFILE CHECKSUM: 596a246ecfe7fa4bcb9d4811922607e0ef4f49c2

COCOAPODS: 1.6.1
